// !$*UTF8*$!
{
	archiveVersion = 1;
	classes = {
	};
	objectVersion = 50;
	objects = {

/* Begin PBXBuildFile section */
		66539A5E273DBED400D4AEC8 /* AppDelegate.swift in Sources */ = {isa = PBXBuildFile; fileRef = 66539A5D273DBED400D4AEC8 /* AppDelegate.swift */; };
		66539A60273DBED400D4AEC8 /* SceneDelegate.swift in Sources */ = {isa = PBXBuildFile; fileRef = 66539A5F273DBED400D4AEC8 /* SceneDelegate.swift */; };
		66539A62273DBED400D4AEC8 /* ArticleViewController.swift in Sources */ = {isa = PBXBuildFile; fileRef = 66539A61273DBED400D4AEC8 /* ArticleViewController.swift */; };
		66539A67273DBED900D4AEC8 /* Assets.xcassets in Resources */ = {isa = PBXBuildFile; fileRef = 66539A66273DBED900D4AEC8 /* Assets.xcassets */; };
		66539A72273DBFC400D4AEC8 /* APICaller.swift in Sources */ = {isa = PBXBuildFile; fileRef = 66539A71273DBFC400D4AEC8 /* APICaller.swift */; };
		66539A74273DBFF800D4AEC8 /* NewsTableViewCell.swift in Sources */ = {isa = PBXBuildFile; fileRef = 66539A73273DBFF800D4AEC8 /* NewsTableViewCell.swift */; };
		66539A76273DCA1B00D4AEC8 /* ArticleManager.swift in Sources */ = {isa = PBXBuildFile; fileRef = 66539A75273DCA1B00D4AEC8 /* ArticleManager.swift */; };
/* End PBXBuildFile section */

/* Begin PBXFileReference section */
		66539A5A273DBED400D4AEC8 /* idderezovskiyPW5.app */ = {isa = PBXFileReference; explicitFileType = wrapper.application; includeInIndex = 0; path = idderezovskiyPW5.app; sourceTree = BUILT_PRODUCTS_DIR; };
		66539A5D273DBED400D4AEC8 /* AppDelegate.swift */ = {isa = PBXFileReference; lastKnownFileType = sourcecode.swift; path = AppDelegate.swift; sourceTree = "<group>"; };
		66539A5F273DBED400D4AEC8 /* SceneDelegate.swift */ = {isa = PBXFileReference; lastKnownFileType = sourcecode.swift; path = SceneDelegate.swift; sourceTree = "<group>"; };
		66539A61273DBED400D4AEC8 /* ArticleViewController.swift */ = {isa = PBXFileReference; lastKnownFileType = sourcecode.swift; path = ArticleViewController.swift; sourceTree = "<group>"; };
		66539A66273DBED900D4AEC8 /* Assets.xcassets */ = {isa = PBXFileReference; lastKnownFileType = folder.assetcatalog; path = Assets.xcassets; sourceTree = "<group>"; };
		66539A6B273DBED900D4AEC8 /* Info.plist */ = {isa = PBXFileReference; lastKnownFileType = text.plist.xml; path = Info.plist; sourceTree = "<group>"; };
		66539A71273DBFC400D4AEC8 /* APICaller.swift */ = {isa = PBXFileReference; lastKnownFileType = sourcecode.swift; path = APICaller.swift; sourceTree = "<group>"; };
		66539A73273DBFF800D4AEC8 /* NewsTableViewCell.swift */ = {isa = PBXFileReference; lastKnownFileType = sourcecode.swift; path = NewsTableViewCell.swift; sourceTree = "<group>"; };
		66539A75273DCA1B00D4AEC8 /* ArticleManager.swift */ = {isa = PBXFileReference; lastKnownFileType = sourcecode.swift; path = ArticleManager.swift; sourceTree = "<group>"; };
/* End PBXFileReference section */

/* Begin PBXFrameworksBuildPhase section */
		66539A57273DBED400D4AEC8 /* Frameworks */ = {
			isa = PBXFrameworksBuildPhase;
			buildActionMask = 2147483647;
			files = (
			);
			runOnlyForDeploymentPostprocessing = 0;
		};
/* End PBXFrameworksBuildPhase section */

/* Begin PBXGroup section */
		66539A51273DBED400D4AEC8 = {
			isa = PBXGroup;
			children = (
				66539A5C273DBED400D4AEC8 /* idderezovskiyPW5 */,
				66539A5B273DBED400D4AEC8 /* Products */,
			);
			sourceTree = "<group>";
		};
		66539A5B273DBED400D4AEC8 /* Products */ = {
			isa = PBXGroup;
			children = (
				66539A5A273DBED400D4AEC8 /* idderezovskiyPW5.app */,
			);
			name = Products;
			sourceTree = "<group>";
		};
		66539A5C273DBED400D4AEC8 /* idderezovskiyPW5 */ = {
			isa = PBXGroup;
			children = (
				66539A5D273DBED400D4AEC8 /* AppDelegate.swift */,
				66539A75273DCA1B00D4AEC8 /* ArticleManager.swift */,
				66539A71273DBFC400D4AEC8 /* APICaller.swift */,
				66539A5F273DBED400D4AEC8 /* SceneDelegate.swift */,
				66539A73273DBFF800D4AEC8 /* NewsTableViewCell.swift */,
				66539A61273DBED400D4AEC8 /* ArticleViewController.swift */,
				66539A66273DBED900D4AEC8 /* Assets.xcassets */,
				66539A6B273DBED900D4AEC8 /* Info.plist */,
			);
			path = idderezovskiyPW5;
			sourceTree = "<group>";
		};
/* End PBXGroup section */

/* Begin PBXNativeTarget section */
		66539A59273DBED400D4AEC8 /* idderezovskiyPW5 */ = {
			isa = PBXNativeTarget;
			buildConfigurationList = 66539A6E273DBED900D4AEC8 /* Build configuration list for PBXNativeTarget "idderezovskiyPW5" */;
			buildPhases = (
				66539A56273DBED400D4AEC8 /* Sources */,
				66539A57273DBED400D4AEC8 /* Frameworks */,
				66539A58273DBED400D4AEC8 /* Resources */,
			);
			buildRules = (
			);
			dependencies = (
			);
			name = idderezovskiyPW5;
			productName = idderezovskiyPW5;
			productReference = 66539A5A273DBED400D4AEC8 /* idderezovskiyPW5.app */;
			productType = "com.apple.product-type.application";
		};
/* End PBXNativeTarget section */

/* Begin PBXProject section */
		66539A52273DBED400D4AEC8 /* Project object */ = {
			isa = PBXProject;
			attributes = {
				LastSwiftUpdateCheck = 1250;
				LastUpgradeCheck = 1250;
				TargetAttributes = {
					66539A59273DBED400D4AEC8 = {
						CreatedOnToolsVersion = 12.5.1;
					};
				};
			};
			buildConfigurationList = 66539A55273DBED400D4AEC8 /* Build configuration list for PBXProject "idderezovskiyPW5" */;
			compatibilityVersion = "Xcode 9.3";
			developmentRegion = en;
			hasScannedForEncodings = 0;
			knownRegions = (
				en,
				Base,
			);
			mainGroup = 66539A51273DBED400D4AEC8;
			productRefGroup = 66539A5B273DBED400D4AEC8 /* Products */;
			projectDirPath = "";
			projectRoot = "";
			targets = (
				66539A59273DBED400D4AEC8 /* idderezovskiyPW5 */,
			);
		};
/* End PBXProject section */

/* Begin PBXResourcesBuildPhase section */
		66539A58273DBED400D4AEC8 /* Resources */ = {
			isa = PBXResourcesBuildPhase;
			buildActionMask = 2147483647;
			files = (
				66539A67273DBED900D4AEC8 /* Assets.xcassets in Resources */,
			);
			runOnlyForDeploymentPostprocessing = 0;
		};
/* End PBXResourcesBuildPhase section */

/* Begin PBXSourcesBuildPhase section */
		66539A56273DBED400D4AEC8 /* Sources */ = {
			isa = PBXSourcesBuildPhase;
			buildActionMask = 2147483647;
			files = (
				66539A62273DBED400D4AEC8 /* ArticleViewController.swift in Sources */,
				66539A5E273DBED400D4AEC8 /* AppDelegate.swift in Sources */,
				66539A74273DBFF800D4AEC8 /* NewsTableViewCell.swift in Sources */,
				66539A60273DBED400D4AEC8 /* SceneDelegate.swift in Sources */,
				66539A76273DCA1B00D4AEC8 /* ArticleManager.swift in Sources */,
				66539A72273DBFC400D4AEC8 /* APICaller.swift in Sources */,
			);
			runOnlyForDeploymentPostprocessing = 0;
		};
/* End PBXSourcesBuildPhase section */

/* Begin XCBuildConfiguration section */
		66539A6C273DBED900D4AEC8 /* Debug */ = {
			isa = XCBuildConfiguration;
			buildSettings = {
				ALWAYS_SEARCH_USER_PATHS = NO;
				CLANG_ANALYZER_NONNULL = YES;
				CLANG_ANALYZER_NUMBER_OBJECT_CONVERSION = YES_AGGRESSIVE;
				CLANG_CXX_LANGUAGE_STANDARD = "gnu++14";
				CLANG_CXX_LIBRARY = "libc++";
				CLANG_ENABLE_MODULES = YES;
				CLANG_ENABLE_OBJC_ARC = YES;
				CLANG_ENABLE_OBJC_WEAK = YES;
				CLANG_WARN_BLOCK_CAPTURE_AUTORELEASING = YES;
				CLANG_WARN_BOOL_CONVERSION = YES;
				CLANG_WARN_COMMA = YES;
				CLANG_WARN_CONSTANT_CONVERSION = YES;
				CLANG_WARN_DEPRECATED_OBJC_IMPLEMENTATIONS = YES;
				CLANG_WARN_DIRECT_OBJC_ISA_USAGE = YES_ERROR;
				CLANG_WARN_DOCUMENTATION_COMMENTS = YES;
				CLANG_WARN_EMPTY_BODY = YES;
				CLANG_WARN_ENUM_CONVERSION = YES;
				CLANG_WARN_INFINITE_RECURSION = YES;
				CLANG_WARN_INT_CONVERSION = YES;
				CLANG_WARN_NON_LITERAL_NULL_CONVERSION = YES;
				CLANG_WARN_OBJC_IMPLICIT_RETAIN_SELF = YES;
				CLANG_WARN_OBJC_LITERAL_CONVERSION = YES;
				CLANG_WARN_OBJC_ROOT_CLASS = YES_ERROR;
				CLANG_WARN_QUOTED_INCLUDE_IN_FRAMEWORK_HEADER = YES;
				CLANG_WARN_RANGE_LOOP_ANALYSIS = YES;
				CLANG_WARN_STRICT_PROTOTYPES = YES;
				CLANG_WARN_SUSPICIOUS_MOVE = YES;
				CLANG_WARN_UNGUARDED_AVAILABILITY = YES_AGGRESSIVE;
				CLANG_WARN_UNREACHABLE_CODE = YES;
				CLANG_WARN__DUPLICATE_METHOD_MATCH = YES;
				COPY_PHASE_STRIP = NO;
				DEBUG_INFORMATION_FORMAT = dwarf;
				ENABLE_STRICT_OBJC_MSGSEND = YES;
				ENABLE_TESTABILITY = YES;
				GCC_C_LANGUAGE_STANDARD = gnu11;
				GCC_DYNAMIC_NO_PIC = NO;
				GCC_NO_COMMON_BLOCKS = YES;
				GCC_OPTIMIZATION_LEVEL = 0;
				GCC_PREPROCESSOR_DEFINITIONS = (
					"DEBUG=1",
					"$(inherited)",
				);
				GCC_WARN_64_TO_32_BIT_CONVERSION = YES;
				GCC_WARN_ABOUT_RETURN_TYPE = YES_ERROR;
				GCC_WARN_UNDECLARED_SELECTOR = YES;
				GCC_WARN_UNINITIALIZED_AUTOS = YES_AGGRESSIVE;
				GCC_WARN_UNUSED_FUNCTION = YES;
				GCC_WARN_UNUSED_VARIABLE = YES;
				IPHONEOS_DEPLOYMENT_TARGET = 14.5;
				MTL_ENABLE_DEBUG_INFO = INCLUDE_SOURCE;
				MTL_FAST_MATH = YES;
				ONLY_ACTIVE_ARCH = YES;
				SDKROOT = iphoneos;
				SWIFT_ACTIVE_COMPILATION_CONDITIONS = DEBUG;
				SWIFT_OPTIMIZATION_LEVEL = "-Onone";
			};
			name = Debug;
		};
		66539A6D273DBED900D4AEC8 /* Release */ = {
			isa = XCBuildConfiguration;
			buildSettings = {
				ALWAYS_SEARCH_USER_PATHS = NO;
				CLANG_ANALYZER_NONNULL = YES;
				CLANG_ANALYZER_NUMBER_OBJECT_CONVERSION = YES_AGGRESSIVE;
				CLANG_CXX_LANGUAGE_STANDARD = "gnu++14";
				CLANG_CXX_LIBRARY = "libc++";
				CLANG_ENABLE_MODULES = YES;
				CLANG_ENABLE_OBJC_ARC = YES;
				CLANG_ENABLE_OBJC_WEAK = YES;
				CLANG_WARN_BLOCK_CAPTURE_AUTORELEASING = YES;
				CLANG_WARN_BOOL_CONVERSION = YES;
				CLANG_WARN_COMMA = YES;
				CLANG_WARN_CONSTANT_CONVERSION = YES;
				CLANG_WARN_DEPRECATED_OBJC_IMPLEMENTATIONS = YES;
				CLANG_WARN_DIRECT_OBJC_ISA_USAGE = YES_ERROR;
				CLANG_WARN_DOCUMENTATION_COMMENTS = YES;
				CLANG_WARN_EMPTY_BODY = YES;
				CLANG_WARN_ENUM_CONVERSION = YES;
				CLANG_WARN_INFINITE_RECURSION = YES;
				CLANG_WARN_INT_CONVERSION = YES;
				CLANG_WARN_NON_LITERAL_NULL_CONVERSION = YES;
				CLANG_WARN_OBJC_IMPLICIT_RETAIN_SELF = YES;
				CLANG_WARN_OBJC_LITERAL_CONVERSION = YES;
				CLANG_WARN_OBJC_ROOT_CLASS = YES_ERROR;
				CLANG_WARN_QUOTED_INCLUDE_IN_FRAMEWORK_HEADER = YES;
				CLANG_WARN_RANGE_LOOP_ANALYSIS = YES;
				CLANG_WARN_STRICT_PROTOTYPES = YES;
				CLANG_WARN_SUSPICIOUS_MOVE = YES;
				CLANG_WARN_UNGUARDED_AVAILABILITY = YES_AGGRESSIVE;
				CLANG_WARN_UNREACHABLE_CODE = YES;
				CLANG_WARN__DUPLICATE_METHOD_MATCH = YES;
				COPY_PHASE_STRIP = NO;
				DEBUG_INFORMATION_FORMAT = "dwarf-with-dsym";
				ENABLE_NS_ASSERTIONS = NO;
				ENABLE_STRICT_OBJC_MSGSEND = YES;
				GCC_C_LANGUAGE_STANDARD = gnu11;
				GCC_NO_COMMON_BLOCKS = YES;
				GCC_WARN_64_TO_32_BIT_CONVERSION = YES;
				GCC_WARN_ABOUT_RETURN_TYPE = YES_ERROR;
				GCC_WARN_UNDECLARED_SELECTOR = YES;
				GCC_WARN_UNINITIALIZED_AUTOS = YES_AGGRESSIVE;
				GCC_WARN_UNUSED_FUNCTION = YES;
				GCC_WARN_UNUSED_VARIABLE = YES;
				IPHONEOS_DEPLOYMENT_TARGET = 14.5;
				MTL_ENABLE_DEBUG_INFO = NO;
				MTL_FAST_MATH = YES;
				SDKROOT = iphoneos;
				SWIFT_COMPILATION_MODE = wholemodule;
				SWIFT_OPTIMIZATION_LEVEL = "-O";
				VALIDATE_PRODUCT = YES;
			};
			name = Release;
		};
		66539A6F273DBED900D4AEC8 /* Debug */ = {
			isa = XCBuildConfiguration;
			buildSettings = {
				ASSETCATALOG_COMPILER_APPICON_NAME = AppIcon;
				ASSETCATALOG_COMPILER_GLOBAL_ACCENT_COLOR_NAME = AccentColor;
				CODE_SIGN_STYLE = Automatic;
				INFOPLIST_FILE = idderezovskiyPW5/Info.plist;
				LD_RUNPATH_SEARCH_PATHS = (
					"$(inherited)",
					"@executable_path/Frameworks",
				);
				PRODUCT_BUNDLE_IDENTIFIER = "-.idderezovskiyPW5";
				PRODUCT_NAME = "$(TARGET_NAME)";
				SWIFT_VERSION = 5.0;
				TARGETED_DEVICE_FAMILY = "1,2";
			};
			name = Debug;
		};
		66539A70273DBED900D4AEC8 /* Release */ = {
			isa = XCBuildConfiguration;
			buildSettings = {
				ASSETCATALOG_COMPILER_APPICON_NAME = AppIcon;
				ASSETCATALOG_COMPILER_GLOBAL_ACCENT_COLOR_NAME = AccentColor;
				CODE_SIGN_STYLE = Automatic;
				INFOPLIST_FILE = idderezovskiyPW5/Info.plist;
				LD_RUNPATH_SEARCH_PATHS = (
					"$(inherited)",
					"@executable_path/Frameworks",
				);
				PRODUCT_BUNDLE_IDENTIFIER = "-.idderezovskiyPW5";
				PRODUCT_NAME = "$(TARGET_NAME)";
				SWIFT_VERSION = 5.0;
				TARGETED_DEVICE_FAMILY = "1,2";
			};
			name = Release;
		};
/* End XCBuildConfiguration section */

/* Begin XCConfigurationList section */
		66539A55273DBED400D4AEC8 /* Build configuration list for PBXProject "idderezovskiyPW5" */ = {
			isa = XCConfigurationList;
			buildConfigurations = (
				66539A6C273DBED900D4AEC8 /* Debug */,
				66539A6D273DBED900D4AEC8 /* Release */,
			);
			defaultConfigurationIsVisible = 0;
			defaultConfigurationName = Release;
		};
		66539A6E273DBED900D4AEC8 /* Build configuration list for PBXNativeTarget "idderezovskiyPW5" */ = {
			isa = XCConfigurationList;
			buildConfigurations = (
				66539A6F273DBED900D4AEC8 /* Debug */,
				66539A70273DBED900D4AEC8 /* Release */,
			);
			defaultConfigurationIsVisible = 0;
			defaultConfigurationName = Release;
		};
/* End XCConfigurationList section */
	};
	rootObject = 66539A52273DBED400D4AEC8 /* Project object */;
}
