// !$*UTF8*$!
{
	archiveVersion = 1;
	classes = {
	};
	objectVersion = 50;
	objects = {

/* Begin PBXBuildFile section */
		660AD2BA27D5401A00DFBADF /* CustomSlider.swift in Sources */ = {isa = PBXBuildFile; fileRef = 660AD2B927D5401A00DFBADF /* CustomSlider.swift */; };
		660AD2BC27D56E3000DFBADF /* LocationToggle.swift in Sources */ = {isa = PBXBuildFile; fileRef = 660AD2BB27D56E3000DFBADF /* LocationToggle.swift */; };
		6662511626FC972600F1D62D /* AppDelegate.swift in Sources */ = {isa = PBXBuildFile; fileRef = 6662511526FC972600F1D62D /* AppDelegate.swift */; };
		6662511826FC972600F1D62D /* SceneDelegate.swift in Sources */ = {isa = PBXBuildFile; fileRef = 6662511726FC972600F1D62D /* SceneDelegate.swift */; };
		6662511A26FC972600F1D62D /* ViewController.swift in Sources */ = {isa = PBXBuildFile; fileRef = 6662511926FC972600F1D62D /* ViewController.swift */; };
		6662511F26FC972A00F1D62D /* Assets.xcassets in Resources */ = {isa = PBXBuildFile; fileRef = 6662511E26FC972A00F1D62D /* Assets.xcassets */; };
		6662512226FC972A00F1D62D /* LaunchScreen.storyboard in Resources */ = {isa = PBXBuildFile; fileRef = 6662512026FC972A00F1D62D /* LaunchScreen.storyboard */; };
		6662512A26FC9EDB00F1D62D /* SettingsViewController.swift in Sources */ = {isa = PBXBuildFile; fileRef = 6662512926FC9EDB00F1D62D /* SettingsViewController.swift */; };
/* End PBXBuildFile section */

/* Begin PBXFileReference section */
		660AD2B927D5401A00DFBADF /* CustomSlider.swift */ = {isa = PBXFileReference; lastKnownFileType = sourcecode.swift; path = CustomSlider.swift; sourceTree = "<group>"; };
		660AD2BB27D56E3000DFBADF /* LocationToggle.swift */ = {isa = PBXFileReference; lastKnownFileType = sourcecode.swift; path = LocationToggle.swift; sourceTree = "<group>"; };
		6662511226FC972600F1D62D /* idderezovskiyPW2.app */ = {isa = PBXFileReference; explicitFileType = wrapper.application; includeInIndex = 0; path = idderezovskiyPW2.app; sourceTree = BUILT_PRODUCTS_DIR; };
		6662511526FC972600F1D62D /* AppDelegate.swift */ = {isa = PBXFileReference; lastKnownFileType = sourcecode.swift; path = AppDelegate.swift; sourceTree = "<group>"; };
		6662511726FC972600F1D62D /* SceneDelegate.swift */ = {isa = PBXFileReference; lastKnownFileType = sourcecode.swift; path = SceneDelegate.swift; sourceTree = "<group>"; };
		6662511926FC972600F1D62D /* ViewController.swift */ = {isa = PBXFileReference; lastKnownFileType = sourcecode.swift; path = ViewController.swift; sourceTree = "<group>"; };
		6662511E26FC972A00F1D62D /* Assets.xcassets */ = {isa = PBXFileReference; lastKnownFileType = folder.assetcatalog; path = Assets.xcassets; sourceTree = "<group>"; };
		6662512126FC972A00F1D62D /* Base */ = {isa = PBXFileReference; lastKnownFileType = file.storyboard; name = Base; path = Base.lproj/LaunchScreen.storyboard; sourceTree = "<group>"; };
		6662512326FC972A00F1D62D /* Info.plist */ = {isa = PBXFileReference; lastKnownFileType = text.plist.xml; path = Info.plist; sourceTree = "<group>"; };
		6662512926FC9EDB00F1D62D /* SettingsViewController.swift */ = {isa = PBXFileReference; lastKnownFileType = sourcecode.swift; path = SettingsViewController.swift; sourceTree = "<group>"; };
/* End PBXFileReference section */

/* Begin PBXFrameworksBuildPhase section */
		6662510F26FC972600F1D62D /* Frameworks */ = {
			isa = PBXFrameworksBuildPhase;
			buildActionMask = 2147483647;
			files = (
			);
			runOnlyForDeploymentPostprocessing = 0;
		};
/* End PBXFrameworksBuildPhase section */

/* Begin PBXGroup section */
		6662510926FC972600F1D62D = {
			isa = PBXGroup;
			children = (
				6662511426FC972600F1D62D /* idderezovskiyPW2 */,
				6662511326FC972600F1D62D /* Products */,
			);
			sourceTree = "<group>";
		};
		6662511326FC972600F1D62D /* Products */ = {
			isa = PBXGroup;
			children = (
				6662511226FC972600F1D62D /* idderezovskiyPW2.app */,
			);
			name = Products;
			sourceTree = "<group>";
		};
		6662511426FC972600F1D62D /* idderezovskiyPW2 */ = {
			isa = PBXGroup;
			children = (
				6662511526FC972600F1D62D /* AppDelegate.swift */,
				6662511726FC972600F1D62D /* SceneDelegate.swift */,
				6662511926FC972600F1D62D /* ViewController.swift */,
				6662512926FC9EDB00F1D62D /* SettingsViewController.swift */,
				6662511E26FC972A00F1D62D /* Assets.xcassets */,
				6662512026FC972A00F1D62D /* LaunchScreen.storyboard */,
				6662512326FC972A00F1D62D /* Info.plist */,
				660AD2B927D5401A00DFBADF /* CustomSlider.swift */,
				660AD2BB27D56E3000DFBADF /* LocationToggle.swift */,
			);
			path = idderezovskiyPW2;
			sourceTree = "<group>";
		};
/* End PBXGroup section */

/* Begin PBXNativeTarget section */
		6662511126FC972600F1D62D /* idderezovskiyPW2 */ = {
			isa = PBXNativeTarget;
			buildConfigurationList = 6662512626FC972A00F1D62D /* Build configuration list for PBXNativeTarget "idderezovskiyPW2" */;
			buildPhases = (
				6662510E26FC972600F1D62D /* Sources */,
				6662510F26FC972600F1D62D /* Frameworks */,
				6662511026FC972600F1D62D /* Resources */,
			);
			buildRules = (
			);
			dependencies = (
			);
			name = idderezovskiyPW2;
			productName = idderezovskiyPW2;
			productReference = 6662511226FC972600F1D62D /* idderezovskiyPW2.app */;
			productType = "com.apple.product-type.application";
		};
/* End PBXNativeTarget section */

/* Begin PBXProject section */
		6662510A26FC972600F1D62D /* Project object */ = {
			isa = PBXProject;
			attributes = {
				LastSwiftUpdateCheck = 1250;
				LastUpgradeCheck = 1250;
				TargetAttributes = {
					6662511126FC972600F1D62D = {
						CreatedOnToolsVersion = 12.5.1;
					};
				};
			};
			buildConfigurationList = 6662510D26FC972600F1D62D /* Build configuration list for PBXProject "idderezovskiyPW2" */;
			compatibilityVersion = "Xcode 9.3";
			developmentRegion = en;
			hasScannedForEncodings = 0;
			knownRegions = (
				en,
				Base,
			);
			mainGroup = 6662510926FC972600F1D62D;
			productRefGroup = 6662511326FC972600F1D62D /* Products */;
			projectDirPath = "";
			projectRoot = "";
			targets = (
				6662511126FC972600F1D62D /* idderezovskiyPW2 */,
			);
		};
/* End PBXProject section */

/* Begin PBXResourcesBuildPhase section */
		6662511026FC972600F1D62D /* Resources */ = {
			isa = PBXResourcesBuildPhase;
			buildActionMask = 2147483647;
			files = (
				6662512226FC972A00F1D62D /* LaunchScreen.storyboard in Resources */,
				6662511F26FC972A00F1D62D /* Assets.xcassets in Resources */,
			);
			runOnlyForDeploymentPostprocessing = 0;
		};
/* End PBXResourcesBuildPhase section */

/* Begin PBXSourcesBuildPhase section */
		6662510E26FC972600F1D62D /* Sources */ = {
			isa = PBXSourcesBuildPhase;
			buildActionMask = 2147483647;
			files = (
				6662511A26FC972600F1D62D /* ViewController.swift in Sources */,
				660AD2BA27D5401A00DFBADF /* CustomSlider.swift in Sources */,
				660AD2BC27D56E3000DFBADF /* LocationToggle.swift in Sources */,
				6662511626FC972600F1D62D /* AppDelegate.swift in Sources */,
				6662511826FC972600F1D62D /* SceneDelegate.swift in Sources */,
				6662512A26FC9EDB00F1D62D /* SettingsViewController.swift in Sources */,
			);
			runOnlyForDeploymentPostprocessing = 0;
		};
/* End PBXSourcesBuildPhase section */

/* Begin PBXVariantGroup section */
		6662512026FC972A00F1D62D /* LaunchScreen.storyboard */ = {
			isa = PBXVariantGroup;
			children = (
				6662512126FC972A00F1D62D /* Base */,
			);
			name = LaunchScreen.storyboard;
			sourceTree = "<group>";
		};
/* End PBXVariantGroup section */

/* Begin XCBuildConfiguration section */
		6662512426FC972A00F1D62D /* Debug */ = {
			isa = XCBuildConfiguration;
			buildSettings = {
				ALWAYS_SEARCH_USER_PATHS = NO;
				CLANG_ANALYZER_NONNULL = YES;
				CLANG_ANALYZER_NUMBER_OBJECT_CONVERSION = YES_AGGRESSIVE;
				CLANG_CXX_LANGUAGE_STANDARD = "gnu++14";
				CLANG_CXX_LIBRARY = "libc++";
				CLANG_ENABLE_MODULES = YES;
				CLANG_ENABLE_OBJC_ARC = YES;
				CLANG_ENABLE_OBJC_WEAK = YES;
				CLANG_WARN_BLOCK_CAPTURE_AUTORELEASING = YES;
				CLANG_WARN_BOOL_CONVERSION = YES;
				CLANG_WARN_COMMA = YES;
				CLANG_WARN_CONSTANT_CONVERSION = YES;
				CLANG_WARN_DEPRECATED_OBJC_IMPLEMENTATIONS = YES;
				CLANG_WARN_DIRECT_OBJC_ISA_USAGE = YES_ERROR;
				CLANG_WARN_DOCUMENTATION_COMMENTS = YES;
				CLANG_WARN_EMPTY_BODY = YES;
				CLANG_WARN_ENUM_CONVERSION = YES;
				CLANG_WARN_INFINITE_RECURSION = YES;
				CLANG_WARN_INT_CONVERSION = YES;
				CLANG_WARN_NON_LITERAL_NULL_CONVERSION = YES;
				CLANG_WARN_OBJC_IMPLICIT_RETAIN_SELF = YES;
				CLANG_WARN_OBJC_LITERAL_CONVERSION = YES;
				CLANG_WARN_OBJC_ROOT_CLASS = YES_ERROR;
				CLANG_WARN_QUOTED_INCLUDE_IN_FRAMEWORK_HEADER = YES;
				CLANG_WARN_RANGE_LOOP_ANALYSIS = YES;
				CLANG_WARN_STRICT_PROTOTYPES = YES;
				CLANG_WARN_SUSPICIOUS_MOVE = YES;
				CLANG_WARN_UNGUARDED_AVAILABILITY = YES_AGGRESSIVE;
				CLANG_WARN_UNREACHABLE_CODE = YES;
				CLANG_WARN__DUPLICATE_METHOD_MATCH = YES;
				COPY_PHASE_STRIP = NO;
				DEBUG_INFORMATION_FORMAT = dwarf;
				ENABLE_STRICT_OBJC_MSGSEND = YES;
				ENABLE_TESTABILITY = YES;
				GCC_C_LANGUAGE_STANDARD = gnu11;
				GCC_DYNAMIC_NO_PIC = NO;
				GCC_NO_COMMON_BLOCKS = YES;
				GCC_OPTIMIZATION_LEVEL = 0;
				GCC_PREPROCESSOR_DEFINITIONS = (
					"DEBUG=1",
					"$(inherited)",
				);
				GCC_WARN_64_TO_32_BIT_CONVERSION = YES;
				GCC_WARN_ABOUT_RETURN_TYPE = YES_ERROR;
				GCC_WARN_UNDECLARED_SELECTOR = YES;
				GCC_WARN_UNINITIALIZED_AUTOS = YES_AGGRESSIVE;
				GCC_WARN_UNUSED_FUNCTION = YES;
				GCC_WARN_UNUSED_VARIABLE = YES;
				IPHONEOS_DEPLOYMENT_TARGET = 14.5;
				MTL_ENABLE_DEBUG_INFO = INCLUDE_SOURCE;
				MTL_FAST_MATH = YES;
				ONLY_ACTIVE_ARCH = YES;
				SDKROOT = iphoneos;
				SWIFT_ACTIVE_COMPILATION_CONDITIONS = DEBUG;
				SWIFT_OPTIMIZATION_LEVEL = "-Onone";
			};
			name = Debug;
		};
		6662512526FC972A00F1D62D /* Release */ = {
			isa = XCBuildConfiguration;
			buildSettings = {
				ALWAYS_SEARCH_USER_PATHS = NO;
				CLANG_ANALYZER_NONNULL = YES;
				CLANG_ANALYZER_NUMBER_OBJECT_CONVERSION = YES_AGGRESSIVE;
				CLANG_CXX_LANGUAGE_STANDARD = "gnu++14";
				CLANG_CXX_LIBRARY = "libc++";
				CLANG_ENABLE_MODULES = YES;
				CLANG_ENABLE_OBJC_ARC = YES;
				CLANG_ENABLE_OBJC_WEAK = YES;
				CLANG_WARN_BLOCK_CAPTURE_AUTORELEASING = YES;
				CLANG_WARN_BOOL_CONVERSION = YES;
				CLANG_WARN_COMMA = YES;
				CLANG_WARN_CONSTANT_CONVERSION = YES;
				CLANG_WARN_DEPRECATED_OBJC_IMPLEMENTATIONS = YES;
				CLANG_WARN_DIRECT_OBJC_ISA_USAGE = YES_ERROR;
				CLANG_WARN_DOCUMENTATION_COMMENTS = YES;
				CLANG_WARN_EMPTY_BODY = YES;
				CLANG_WARN_ENUM_CONVERSION = YES;
				CLANG_WARN_INFINITE_RECURSION = YES;
				CLANG_WARN_INT_CONVERSION = YES;
				CLANG_WARN_NON_LITERAL_NULL_CONVERSION = YES;
				CLANG_WARN_OBJC_IMPLICIT_RETAIN_SELF = YES;
				CLANG_WARN_OBJC_LITERAL_CONVERSION = YES;
				CLANG_WARN_OBJC_ROOT_CLASS = YES_ERROR;
				CLANG_WARN_QUOTED_INCLUDE_IN_FRAMEWORK_HEADER = YES;
				CLANG_WARN_RANGE_LOOP_ANALYSIS = YES;
				CLANG_WARN_STRICT_PROTOTYPES = YES;
				CLANG_WARN_SUSPICIOUS_MOVE = YES;
				CLANG_WARN_UNGUARDED_AVAILABILITY = YES_AGGRESSIVE;
				CLANG_WARN_UNREACHABLE_CODE = YES;
				CLANG_WARN__DUPLICATE_METHOD_MATCH = YES;
				COPY_PHASE_STRIP = NO;
				DEBUG_INFORMATION_FORMAT = "dwarf-with-dsym";
				ENABLE_NS_ASSERTIONS = NO;
				ENABLE_STRICT_OBJC_MSGSEND = YES;
				GCC_C_LANGUAGE_STANDARD = gnu11;
				GCC_NO_COMMON_BLOCKS = YES;
				GCC_WARN_64_TO_32_BIT_CONVERSION = YES;
				GCC_WARN_ABOUT_RETURN_TYPE = YES_ERROR;
				GCC_WARN_UNDECLARED_SELECTOR = YES;
				GCC_WARN_UNINITIALIZED_AUTOS = YES_AGGRESSIVE;
				GCC_WARN_UNUSED_FUNCTION = YES;
				GCC_WARN_UNUSED_VARIABLE = YES;
				IPHONEOS_DEPLOYMENT_TARGET = 14.5;
				MTL_ENABLE_DEBUG_INFO = NO;
				MTL_FAST_MATH = YES;
				SDKROOT = iphoneos;
				SWIFT_COMPILATION_MODE = wholemodule;
				SWIFT_OPTIMIZATION_LEVEL = "-O";
				VALIDATE_PRODUCT = YES;
			};
			name = Release;
		};
		6662512726FC972A00F1D62D /* Debug */ = {
			isa = XCBuildConfiguration;
			buildSettings = {
				ASSETCATALOG_COMPILER_APPICON_NAME = AppIcon;
				ASSETCATALOG_COMPILER_GLOBAL_ACCENT_COLOR_NAME = AccentColor;
				CODE_SIGN_STYLE = Automatic;
				INFOPLIST_FILE = idderezovskiyPW2/Info.plist;
				LD_RUNPATH_SEARCH_PATHS = (
					"$(inherited)",
					"@executable_path/Frameworks",
				);
				PRODUCT_BUNDLE_IDENTIFIER = "-.idderezovskiyPW2";
				PRODUCT_NAME = "$(TARGET_NAME)";
				SWIFT_VERSION = 5.0;
				TARGETED_DEVICE_FAMILY = "1,2";
			};
			name = Debug;
		};
		6662512826FC972A00F1D62D /* Release */ = {
			isa = XCBuildConfiguration;
			buildSettings = {
				ASSETCATALOG_COMPILER_APPICON_NAME = AppIcon;
				ASSETCATALOG_COMPILER_GLOBAL_ACCENT_COLOR_NAME = AccentColor;
				CODE_SIGN_STYLE = Automatic;
				INFOPLIST_FILE = idderezovskiyPW2/Info.plist;
				LD_RUNPATH_SEARCH_PATHS = (
					"$(inherited)",
					"@executable_path/Frameworks",
				);
				PRODUCT_BUNDLE_IDENTIFIER = "-.idderezovskiyPW2";
				PRODUCT_NAME = "$(TARGET_NAME)";
				SWIFT_VERSION = 5.0;
				TARGETED_DEVICE_FAMILY = "1,2";
			};
			name = Release;
		};
/* End XCBuildConfiguration section */

/* Begin XCConfigurationList section */
		6662510D26FC972600F1D62D /* Build configuration list for PBXProject "idderezovskiyPW2" */ = {
			isa = XCConfigurationList;
			buildConfigurations = (
				6662512426FC972A00F1D62D /* Debug */,
				6662512526FC972A00F1D62D /* Release */,
			);
			defaultConfigurationIsVisible = 0;
			defaultConfigurationName = Release;
		};
		6662512626FC972A00F1D62D /* Build configuration list for PBXNativeTarget "idderezovskiyPW2" */ = {
			isa = XCConfigurationList;
			buildConfigurations = (
				6662512726FC972A00F1D62D /* Debug */,
				6662512826FC972A00F1D62D /* Release */,
			);
			defaultConfigurationIsVisible = 0;
			defaultConfigurationName = Release;
		};
/* End XCConfigurationList section */
	};
	rootObject = 6662510A26FC972600F1D62D /* Project object */;
}
